
Microsoft Visual Studio Solution File, Format Version 12.00
# Visual Studio Version 17
VisualStudioVersion = 17.4.33122.133
MinimumVisualStudioVersion = 10.0.40219.1
Project("{9A19103F-16F7-4668-BE54-9A1E7A4F7556}") = "DFBlazor", "DFBlazor\DFBlazor.csproj", "{0591BF8E-56F7-40C3-B2D1-9D31F166BD22}"
EndProject
Global
	GlobalSection(SolutionConfigurationPlatforms) = preSolution
		Debug|Any CPU = Debug|Any CPU
		Release|Any CPU = Release|Any CPU
	EndGlobalSection
	GlobalSection(ProjectConfigurationPlatforms) = postSolution
		{0591BF8E-56F7-40C3-B2D1-9D31F166BD22}.Debug|Any CPU.ActiveCfg = Debug|Any CPU
		{0591BF8E-56F7-40C3-B2D1-9D31F166BD22}.Debug|Any CPU.Build.0 = Debug|Any CPU
		{0591BF8E-56F7-40C3-B2D1-9D31F166BD22}.Release|Any CPU.ActiveCfg = Release|Any CPU
		{0591BF8E-56F7-40C3-B2D1-9D31F166BD22}.Release|Any CPU.Build.0 = Release|Any CPU
	EndGlobalSection
	GlobalSection(SolutionProperties) = preSolution
		HideSolutionNode = FALSE
	EndGlobalSection
	GlobalSection(ExtensibilityGlobals) = postSolution
		SolutionGuid = {797E2984-8D44-420F-8237-79AEFD6CD309}
	EndGlobalSection
EndGlobal
